
Microsoft Visual Studio Solution File, Format Version 12.00
# Visual Studio 14
VisualStudioVersion = 14.0.24720.0
MinimumVisualStudioVersion = 10.0.40219.1
Project("{FAE04EC0-301F-11D3-BF4B-00C04F79EFBC}") = "NPD.Workflow", "..\..\NPD.Workflow\NPD.Workflow\NPD.Workflow.csproj", "{5DFCF898-293B-43A1-8BD4-A39B161E69B3}"
	ProjectSection(ProjectDependencies) = postProject
		{081CA91D-A9A9-47DE-9BB9-8C1B474FE391} = {081CA91D-A9A9-47DE-9BB9-8C1B474FE391}
		{0C860AE9-B781-4A42-9E20-39384BF4EC54} = {0C860AE9-B781-4A42-9E20-39384BF4EC54}
	EndProjectSection
EndProject
Project("{FAE04EC0-301F-11D3-BF4B-00C04F79EFBC}") = "NPD.CommonDataContract", "NPD.CommonDataContract\NPD.CommonDataContract.csproj", "{081CA91D-A9A9-47DE-9BB9-8C1B474FE391}"
EndProject
Project("{FAE04EC0-301F-11D3-BF4B-00C04F79EFBC}") = "NPD.DataAccessLayer", "NPD.DataAccessLayer\NPD.DataAccessLayer.csproj", "{0C860AE9-B781-4A42-9E20-39384BF4EC54}"
EndProject
Project("{FAE04EC0-301F-11D3-BF4B-00C04F79EFBC}") = "SyncDataJob", "SyncDataJob\SyncDataJob.csproj", "{11901AD7-6115-45C6-A987-EDC7C0DED012}"
EndProject
Project("{FAE04EC0-301F-11D3-BF4B-00C04F79EFBC}") = "NPD.SPApp", "E:\NPD.SPApp\NPD.SPApp\NPD.SPApp.csproj", "{DE70F061-8CE9-4502-A59B-86BA532AD7C0}"
EndProject
Global
	GlobalSection(SolutionConfigurationPlatforms) = preSolution
		Debug|Any CPU = Debug|Any CPU
		Release|Any CPU = Release|Any CPU
	EndGlobalSection
	GlobalSection(ProjectConfigurationPlatforms) = postSolution
		{5DFCF898-293B-43A1-8BD4-A39B161E69B3}.Debug|Any CPU.ActiveCfg = Debug|Any CPU
		{5DFCF898-293B-43A1-8BD4-A39B161E69B3}.Debug|Any CPU.Build.0 = Debug|Any CPU
		{5DFCF898-293B-43A1-8BD4-A39B161E69B3}.Release|Any CPU.ActiveCfg = Release|Any CPU
		{5DFCF898-293B-43A1-8BD4-A39B161E69B3}.Release|Any CPU.Build.0 = Release|Any CPU
		{081CA91D-A9A9-47DE-9BB9-8C1B474FE391}.Debug|Any CPU.ActiveCfg = Debug|Any CPU
		{081CA91D-A9A9-47DE-9BB9-8C1B474FE391}.Debug|Any CPU.Build.0 = Debug|Any CPU
		{081CA91D-A9A9-47DE-9BB9-8C1B474FE391}.Release|Any CPU.ActiveCfg = Release|Any CPU
		{081CA91D-A9A9-47DE-9BB9-8C1B474FE391}.Release|Any CPU.Build.0 = Release|Any CPU
		{0C860AE9-B781-4A42-9E20-39384BF4EC54}.Debug|Any CPU.ActiveCfg = Debug|Any CPU
		{0C860AE9-B781-4A42-9E20-39384BF4EC54}.Debug|Any CPU.Build.0 = Debug|Any CPU
		{0C860AE9-B781-4A42-9E20-39384BF4EC54}.Release|Any CPU.ActiveCfg = Release|Any CPU
		{0C860AE9-B781-4A42-9E20-39384BF4EC54}.Release|Any CPU.Build.0 = Release|Any CPU
		{11901AD7-6115-45C6-A987-EDC7C0DED012}.Debug|Any CPU.ActiveCfg = Debug|Any CPU
		{11901AD7-6115-45C6-A987-EDC7C0DED012}.Debug|Any CPU.Build.0 = Debug|Any CPU
		{11901AD7-6115-45C6-A987-EDC7C0DED012}.Release|Any CPU.ActiveCfg = Release|Any CPU
		{11901AD7-6115-45C6-A987-EDC7C0DED012}.Release|Any CPU.Build.0 = Release|Any CPU
		{DE70F061-8CE9-4502-A59B-86BA532AD7C0}.Debug|Any CPU.ActiveCfg = Debug|Any CPU
		{DE70F061-8CE9-4502-A59B-86BA532AD7C0}.Debug|Any CPU.Build.0 = Debug|Any CPU
		{DE70F061-8CE9-4502-A59B-86BA532AD7C0}.Debug|Any CPU.Deploy.0 = Debug|Any CPU
		{DE70F061-8CE9-4502-A59B-86BA532AD7C0}.Release|Any CPU.ActiveCfg = Release|Any CPU
		{DE70F061-8CE9-4502-A59B-86BA532AD7C0}.Release|Any CPU.Build.0 = Release|Any CPU
		{DE70F061-8CE9-4502-A59B-86BA532AD7C0}.Release|Any CPU.Deploy.0 = Release|Any CPU
	EndGlobalSection
	GlobalSection(SolutionProperties) = preSolution
		HideSolutionNode = FALSE
	EndGlobalSection
	GlobalSection(ExtensibilityGlobals) = postSolution
		SolutionGuid = {DE46817F-A83F-4017-818C-9C0C4717193C}
		EnterpriseLibraryConfigurationToolBinariesPathV6 = packages\EnterpriseLibrary.Common.6.0.1304.0\lib\NET45;packages\EnterpriseLibrary.ExceptionHandling.6.0.1304.0\lib\NET45;packages\EnterpriseLibrary.Logging.6.0.1304.0\lib\NET45;packages\EnterpriseLibrary.ExceptionHandling.Logging.6.0.1304.0\lib\NET45;packages\EnterpriseLibrary.ExceptionHandling.WCF.6.0.1304.0\lib\NET45
	EndGlobalSection
EndGlobal
